
Microsoft Visual Studio Solution File, Format Version 12.00
# Visual Studio Version 17
VisualStudioVersion = 17.7.34202.233
MinimumVisualStudioVersion = 10.0.40219.1
Project("{FAE04EC0-301F-11D3-BF4B-00C04F79EFBC}") = "Ecoreva.Shared", "Ecoreva.Shared\Ecoreva.Shared.csproj", "{DEF4C628-4EFA-4170-A2B1-E2398DC63A37}"
EndProject
Project("{FAE04EC0-301F-11D3-BF4B-00C04F79EFBC}") = "Ecoreva.API", "Ecoreva.API\Ecoreva.API.csproj", "{5F290BFA-9643-479C-83B7-92316A55C56B}"
EndProject
Project("{FAE04EC0-301F-11D3-BF4B-00C04F79EFBC}") = "Ecoreva.WEB", "Ecoreva.WEB\Ecoreva.WEB.csproj", "{D403D4EE-F585-4D52-8D84-6A5BF9209C58}"
EndProject
Global
	GlobalSection(SolutionConfigurationPlatforms) = preSolution
		Debug|Any CPU = Debug|Any CPU
		Release|Any CPU = Release|Any CPU
	EndGlobalSection
	GlobalSection(ProjectConfigurationPlatforms) = postSolution
		{DEF4C628-4EFA-4170-A2B1-E2398DC63A37}.Debug|Any CPU.ActiveCfg = Debug|Any CPU
		{DEF4C628-4EFA-4170-A2B1-E2398DC63A37}.Debug|Any CPU.Build.0 = Debug|Any CPU
		{DEF4C628-4EFA-4170-A2B1-E2398DC63A37}.Release|Any CPU.ActiveCfg = Release|Any CPU
		{DEF4C628-4EFA-4170-A2B1-E2398DC63A37}.Release|Any CPU.Build.0 = Release|Any CPU
		{5F290BFA-9643-479C-83B7-92316A55C56B}.Debug|Any CPU.ActiveCfg = Debug|Any CPU
		{5F290BFA-9643-479C-83B7-92316A55C56B}.Debug|Any CPU.Build.0 = Debug|Any CPU
		{5F290BFA-9643-479C-83B7-92316A55C56B}.Release|Any CPU.ActiveCfg = Release|Any CPU
		{5F290BFA-9643-479C-83B7-92316A55C56B}.Release|Any CPU.Build.0 = Release|Any CPU
		{D403D4EE-F585-4D52-8D84-6A5BF9209C58}.Debug|Any CPU.ActiveCfg = Debug|Any CPU
		{D403D4EE-F585-4D52-8D84-6A5BF9209C58}.Debug|Any CPU.Build.0 = Debug|Any CPU
		{D403D4EE-F585-4D52-8D84-6A5BF9209C58}.Release|Any CPU.ActiveCfg = Release|Any CPU
		{D403D4EE-F585-4D52-8D84-6A5BF9209C58}.Release|Any CPU.Build.0 = Release|Any CPU
	EndGlobalSection
	GlobalSection(SolutionProperties) = preSolution
		HideSolutionNode = FALSE
	EndGlobalSection
	GlobalSection(ExtensibilityGlobals) = postSolution
		SolutionGuid = {E8DB7BAF-AF85-4C92-90DC-3F92837C8495}
	EndGlobalSection
EndGlobal
